
Microsoft Visual Studio Solution File, Format Version 12.00
# Visual Studio Version 17
VisualStudioVersion = 17.5.002.0
MinimumVisualStudioVersion = 10.0.40219.1
Project("{9A19103F-16F7-4668-BE54-9A1E7A4F7556}") = "Enquetes_Asp.net", "Enquetes_Asp.net.csproj", "{05F07442-0DB8-4185-9923-3A403238E8E5}"
EndProject
Global
	GlobalSection(SolutionConfigurationPlatforms) = preSolution
		Debug|Any CPU = Debug|Any CPU
		Release|Any CPU = Release|Any CPU
	EndGlobalSection
	GlobalSection(ProjectConfigurationPlatforms) = postSolution
		{05F07442-0DB8-4185-9923-3A403238E8E5}.Debug|Any CPU.ActiveCfg = Debug|Any CPU
		{05F07442-0DB8-4185-9923-3A403238E8E5}.Debug|Any CPU.Build.0 = Debug|Any CPU
		{05F07442-0DB8-4185-9923-3A403238E8E5}.Release|Any CPU.ActiveCfg = Release|Any CPU
		{05F07442-0DB8-4185-9923-3A403238E8E5}.Release|Any CPU.Build.0 = Release|Any CPU
	EndGlobalSection
	GlobalSection(SolutionProperties) = preSolution
		HideSolutionNode = FALSE
	EndGlobalSection
	GlobalSection(ExtensibilityGlobals) = postSolution
		SolutionGuid = {07301E60-81E7-469B-99D1-BDFA5D244078}
	EndGlobalSection
EndGlobal
